# This file is automatically @generated by Cargo.
# It is not intended for manual editing.
version = 3

[[package]]
name = "ahash"
version = "0.4.7"
source = "registry+https://github.com/rust-lang/crates.io-index"
checksum = "739f4a8db6605981345c5654f3a85b056ce52f37a39d34da03f25bf2151ea16e"

[[package]]
name = "arrayvec"
version = "0.5.2"
source = "registry+https://github.com/rust-lang/crates.io-index"
checksum = "23b62fc65de8e4e7f52534fb52b0f3ed04746ae267519eef2a83941e8085068b"

[[package]]
name = "cfg-if"
version = "0.1.10"
source = "registry+https://github.com/rust-lang/crates.io-index"
checksum = "4785bdd1c96b2a846b2bd7cc02e86b6b3dbf14e7e53446c4f54c92a361040822"

[[package]]
name = "elrond-codec"
version = "0.5.3"
source = "registry+https://github.com/rust-lang/crates.io-index"
checksum = "2525cc5f69991e57ee79d5418df845b14b7001d00125e9aab8d9f817ae71e728"
dependencies = [
 "arrayvec",
 "elrond-codec-derive",
 "wee_alloc",
]

[[package]]
name = "elrond-codec-derive"
version = "0.5.3"
source = "registry+https://github.com/rust-lang/crates.io-index"
checksum = "4375abd7c6ce74e15faaaef8b592a7e8a46b4343cb38c64f30a1ea424660751c"
dependencies = [
 "hex",
 "proc-macro2",
 "quote",
 "syn",
]

[[package]]
name = "elrond-wasm"
version = "0.16.2"
source = "registry+https://github.com/rust-lang/crates.io-index"
checksum = "03c4fd8cca1cfc4e46fed1a3d1f907c7c2ff57e558d90d35b027b2c7d1ca74b7"
dependencies = [
 "arrayvec",
 "elrond-codec",
 "hashbrown",
 "hex-literal",
 "wee_alloc",
]

[[package]]
name = "elrond-wasm-derive"
version = "0.16.2"
source = "registry+https://github.com/rust-lang/crates.io-index"
checksum = "31a1b431ed3871b1e76a196a5bd390f63867b02b6dd4247467dcbf3fab1084df"
dependencies = [
 "hex",
 "proc-macro2",
 "quote",
 "syn",
]

[[package]]
name = "elrond-wasm-node"
version = "0.16.2"
source = "registry+https://github.com/rust-lang/crates.io-index"
checksum = "41a9027905abf02975b29cb12fb814d0678cea28547eecbbf9774473959bfb33"
dependencies = [
 "elrond-wasm",
]

[[package]]
name = "elrond-wasm-output"
version = "0.16.2"
source = "registry+https://github.com/rust-lang/crates.io-index"
checksum = "653a78df112fe264ca32bf9d6c340ad3633823e833efcabdb99ef3781eadb3a6"
dependencies = [
 "elrond-wasm-node",
 "wee_alloc",
]

[[package]]
name = "hashbrown"
version = "0.9.1"
source = "registry+https://github.com/rust-lang/crates.io-index"
checksum = "d7afe4a420e3fe79967a00898cc1f4db7c8a49a9333a29f8a4bd76a253d5cd04"
dependencies = [
 "ahash",
]

[[package]]
name = "hex"
version = "0.4.3"
source = "registry+https://github.com/rust-lang/crates.io-index"
checksum = "7f24254aa9a54b5c858eaee2f5bccdb46aaf0e486a595ed5fd8f86ba55232a70"

[[package]]
name = "hex-literal"
version = "0.3.1"
source = "registry+https://github.com/rust-lang/crates.io-index"
checksum = "5af1f635ef1bc545d78392b136bfe1c9809e029023c84a3638a864a10b8819c8"

[[package]]
name = "libc"
version = "0.2.95"
source = "registry+https://github.com/rust-lang/crates.io-index"
checksum = "789da6d93f1b866ffe175afc5322a4d76c038605a1c3319bb57b06967ca98a36"

[[package]]
name = "memory_units"
version = "0.4.0"
source = "registry+https://github.com/rust-lang/crates.io-index"
checksum = "8452105ba047068f40ff7093dd1d9da90898e63dd61736462e9cdda6a90ad3c3"

[[package]]
name = "nft_generator"
version = "0.0.0"
dependencies = [
 "elrond-wasm",
 "elrond-wasm-derive",
]

[[package]]
name = "proc-macro2"
version = "1.0.27"
source = "registry+https://github.com/rust-lang/crates.io-index"
checksum = "f0d8caf72986c1a598726adc988bb5984792ef84f5ee5aa50209145ee8077038"
dependencies = [
 "unicode-xid",
]

[[package]]
name = "quote"
version = "1.0.9"
source = "registry+https://github.com/rust-lang/crates.io-index"
checksum = "c3d0b9745dc2debf507c8422de05d7226cc1f0644216dfdfead988f9b1ab32a7"
dependencies = [
 "proc-macro2",
]

[[package]]
name = "syn"
version = "1.0.72"
source = "registry+https://github.com/rust-lang/crates.io-index"
checksum = "a1e8cdbefb79a9a5a65e0db8b47b723ee907b7c7f8496c76a1770b5c310bab82"
dependencies = [
 "proc-macro2",
 "quote",
 "unicode-xid",
]

[[package]]
name = "test"
version = "0.0.0"
dependencies = [
 "elrond-wasm",
 "elrond-wasm-derive",
 "elrond-wasm-node",
 "nft_generator",
]

[[package]]
name = "test-wasm"
version = "0.0.0"
dependencies = [
 "elrond-wasm-output",
 "test",
]

[[package]]
name = "unicode-xid"
version = "0.2.2"
source = "registry+https://github.com/rust-lang/crates.io-index"
checksum = "8ccb82d61f80a663efe1f787a51b16b5a51e3314d6ac365b08639f52387b33f3"

[[package]]
name = "wee_alloc"
version = "0.4.5"
source = "registry+https://github.com/rust-lang/crates.io-index"
checksum = "dbb3b5a6b2bb17cb6ad44a2e68a43e8d2722c997da10e928665c72ec6c0a0b8e"
dependencies = [
 "cfg-if",
 "libc",
 "memory_units",
 "winapi",
]

[[package]]
name = "winapi"
version = "0.3.9"
source = "registry+https://github.com/rust-lang/crates.io-index"
checksum = "5c839a674fcd7a98952e593242ea400abe93992746761e38641405d28b00f419"
dependencies = [
 "winapi-i686-pc-windows-gnu",
 "winapi-x86_64-pc-windows-gnu",
]

[[package]]
name = "winapi-i686-pc-windows-gnu"
version = "0.4.0"
source = "registry+https://github.com/rust-lang/crates.io-index"
checksum = "ac3b87c63620426dd9b991e5ce0329eff545bccbbb34f3be09ff6fb6ab51b7b6"

[[package]]
name = "winapi-x86_64-pc-windows-gnu"
version = "0.4.0"
source = "registry+https://github.com/rust-lang/crates.io-index"
checksum = "712e227841d057c1ee1cd2fb22fa7e5a5461ae8e48fa2ca79ec42cfc1931183f"
